
Microsoft Visual Studio Solution File, Format Version 12.00
# Visual Studio Version 16
VisualStudioVersion = 25.0.1705.5
MinimumVisualStudioVersion = 10.0.40219.1
Project("{FAE04EC0-301F-11D3-BF4B-00C04F79EFBC}") = "SubtitleTimeshift", "SubtitleTimeshift.csproj", "{EC1A5F3D-29A5-48BC-A1B9-390BB4E0A3A8}"
EndProject
Project("{FAE04EC0-301F-11D3-BF4B-00C04F79EFBC}") = "SubtitleTimeshift.Tests", "..\SubtitleTimeshift.Tests\SubtitleTimeshift.Tests.csproj", "{22C557AA-23E6-4497-B479-C1FEA4AEC525}"
EndProject
Project("{FAE04EC0-301F-11D3-BF4B-00C04F79EFBC}") = "Graph", "..\Graph\Graph.csproj", "{224E6534-22B9-4955-9376-B2B41DBCD79B}"
EndProject
Project("{FAE04EC0-301F-11D3-BF4B-00C04F79EFBC}") = "Graph.Tests", "..\Graph.Tests\Graph.Tests.csproj", "{70B622EF-DB01-45FD-90CD-59FFB961F958}"
EndProject
Project("{FAE04EC0-301F-11D3-BF4B-00C04F79EFBC}") = "testing", "..\..\testing\testing.csproj", "{F580888E-7906-4CA6-BF09-966F15BD8E93}"
EndProject
Global
	GlobalSection(SolutionConfigurationPlatforms) = preSolution
		Debug|Any CPU = Debug|Any CPU
		Release|Any CPU = Release|Any CPU
	EndGlobalSection
	GlobalSection(ProjectConfigurationPlatforms) = postSolution
		{EC1A5F3D-29A5-48BC-A1B9-390BB4E0A3A8}.Debug|Any CPU.ActiveCfg = Debug|Any CPU
		{EC1A5F3D-29A5-48BC-A1B9-390BB4E0A3A8}.Debug|Any CPU.Build.0 = Debug|Any CPU
		{EC1A5F3D-29A5-48BC-A1B9-390BB4E0A3A8}.Release|Any CPU.ActiveCfg = Release|Any CPU
		{EC1A5F3D-29A5-48BC-A1B9-390BB4E0A3A8}.Release|Any CPU.Build.0 = Release|Any CPU
		{22C557AA-23E6-4497-B479-C1FEA4AEC525}.Debug|Any CPU.ActiveCfg = Debug|Any CPU
		{22C557AA-23E6-4497-B479-C1FEA4AEC525}.Debug|Any CPU.Build.0 = Debug|Any CPU
		{22C557AA-23E6-4497-B479-C1FEA4AEC525}.Release|Any CPU.ActiveCfg = Release|Any CPU
		{22C557AA-23E6-4497-B479-C1FEA4AEC525}.Release|Any CPU.Build.0 = Release|Any CPU
		{224E6534-22B9-4955-9376-B2B41DBCD79B}.Debug|Any CPU.ActiveCfg = Debug|Any CPU
		{224E6534-22B9-4955-9376-B2B41DBCD79B}.Debug|Any CPU.Build.0 = Debug|Any CPU
		{224E6534-22B9-4955-9376-B2B41DBCD79B}.Release|Any CPU.ActiveCfg = Release|Any CPU
		{224E6534-22B9-4955-9376-B2B41DBCD79B}.Release|Any CPU.Build.0 = Release|Any CPU
		{70B622EF-DB01-45FD-90CD-59FFB961F958}.Debug|Any CPU.ActiveCfg = Debug|Any CPU
		{70B622EF-DB01-45FD-90CD-59FFB961F958}.Debug|Any CPU.Build.0 = Debug|Any CPU
		{70B622EF-DB01-45FD-90CD-59FFB961F958}.Release|Any CPU.ActiveCfg = Release|Any CPU
		{70B622EF-DB01-45FD-90CD-59FFB961F958}.Release|Any CPU.Build.0 = Release|Any CPU
		{F580888E-7906-4CA6-BF09-966F15BD8E93}.Debug|Any CPU.ActiveCfg = Debug|Any CPU
		{F580888E-7906-4CA6-BF09-966F15BD8E93}.Debug|Any CPU.Build.0 = Debug|Any CPU
		{F580888E-7906-4CA6-BF09-966F15BD8E93}.Release|Any CPU.ActiveCfg = Release|Any CPU
		{F580888E-7906-4CA6-BF09-966F15BD8E93}.Release|Any CPU.Build.0 = Release|Any CPU
	EndGlobalSection
	GlobalSection(SolutionProperties) = preSolution
		HideSolutionNode = FALSE
	EndGlobalSection
	GlobalSection(ExtensibilityGlobals) = postSolution
		SolutionGuid = {7759A58B-0F70-4935-AD82-29A1EE8D874F}
	EndGlobalSection
EndGlobal
